// !$*UTF8*$!
{
	archiveVersion = 1;
	classes = {
	};
	objectVersion = 46;
	objects = {

/* Begin PBXBuildFile section */
		6EAC1FF61B0BE32C0048D15D /* Foundation.framework in Frameworks */ = {isa = PBXBuildFile; fileRef = 6EAC1FF51B0BE32C0048D15D /* Foundation.framework */; };
		6EAC1FF81B0BE32C0048D15D /* CoreGraphics.framework in Frameworks */ = {isa = PBXBuildFile; fileRef = 6EAC1FF71B0BE32C0048D15D /* CoreGraphics.framework */; };
		6EAC1FFA1B0BE32C0048D15D /* UIKit.framework in Frameworks */ = {isa = PBXBuildFile; fileRef = 6EAC1FF91B0BE32C0048D15D /* UIKit.framework */; };
		6EAC20001B0BE32C0048D15D /* InfoPlist.strings in Resources */ = {isa = PBXBuildFile; fileRef = 6EAC1FFE1B0BE32C0048D15D /* InfoPlist.strings */; };
		6EAC20021B0BE32C0048D15D /* main.m in Sources */ = {isa = PBXBuildFile; fileRef = 6EAC20011B0BE32C0048D15D /* main.m */; };
		6EAC20061B0BE32C0048D15D /* CBAppDelegate.m in Sources */ = {isa = PBXBuildFile; fileRef = 6EAC20051B0BE32C0048D15D /* CBAppDelegate.m */; };
		6EAC200F1B0BE32C0048D15D /* CBViewController.m in Sources */ = {isa = PBXBuildFile; fileRef = 6EAC200E1B0BE32C0048D15D /* CBViewController.m */; };
		6EAC20111B0BE32C0048D15D /* Images.xcassets in Resources */ = {isa = PBXBuildFile; fileRef = 6EAC20101B0BE32C0048D15D /* Images.xcassets */; };
		6EAC20181B0BE32C0048D15D /* XCTest.framework in Frameworks */ = {isa = PBXBuildFile; fileRef = 6EAC20171B0BE32C0048D15D /* XCTest.framework */; };
		6EAC20191B0BE32C0048D15D /* Foundation.framework in Frameworks */ = {isa = PBXBuildFile; fileRef = 6EAC1FF51B0BE32C0048D15D /* Foundation.framework */; };
		6EAC201A1B0BE32C0048D15D /* UIKit.framework in Frameworks */ = {isa = PBXBuildFile; fileRef = 6EAC1FF91B0BE32C0048D15D /* UIKit.framework */; };
		6EAC20221B0BE32C0048D15D /* InfoPlist.strings in Resources */ = {isa = PBXBuildFile; fileRef = 6EAC20201B0BE32C0048D15D /* InfoPlist.strings */; };
		6EAC20241B0BE32C0048D15D /* ColorButtonTests.m in Sources */ = {isa = PBXBuildFile; fileRef = 6EAC20231B0BE32C0048D15D /* ColorButtonTests.m */; };
		6EAC202E1B0BE3840048D15D /* CBViewController.xib in Resources */ = {isa = PBXBuildFile; fileRef = 6EAC202D1B0BE3840048D15D /* CBViewController.xib */; };
		6EAC20301B0BFE220048D15D /* CBViewController_iPad.xib in Resources */ = {isa = PBXBuildFile; fileRef = 6EAC202F1B0BFE220048D15D /* CBViewController_iPad.xib */; };
/* End PBXBuildFile section */

/* Begin PBXContainerItemProxy section */
		6EAC201B1B0BE32C0048D15D /* PBXContainerItemProxy */ = {
			isa = PBXContainerItemProxy;
			containerPortal = 6EAC1FEA1B0BE32C0048D15D /* Project object */;
			proxyType = 1;
			remoteGlobalIDString = 6EAC1FF11B0BE32C0048D15D;
			remoteInfo = ColorButton;
		};
/* End PBXContainerItemProxy section */

/* Begin PBXFileReference section */
		6EAC1FF21B0BE32C0048D15D /* ColorButton.app */ = {isa = PBXFileReference; explicitFileType = wrapper.application; includeInIndex = 0; path = ColorButton.app; sourceTree = BUILT_PRODUCTS_DIR; };
		6EAC1FF51B0BE32C0048D15D /* Foundation.framework */ = {isa = PBXFileReference; lastKnownFileType = wrapper.framework; name = Foundation.framework; path = System/Library/Frameworks/Foundation.framework; sourceTree = SDKROOT; };
		6EAC1FF71B0BE32C0048D15D /* CoreGraphics.framework */ = {isa = PBXFileReference; lastKnownFileType = wrapper.framework; name = CoreGraphics.framework; path = System/Library/Frameworks/CoreGraphics.framework; sourceTree = SDKROOT; };
		6EAC1FF91B0BE32C0048D15D /* UIKit.framework */ = {isa = PBXFileReference; lastKnownFileType = wrapper.framework; name = UIKit.framework; path = System/Library/Frameworks/UIKit.framework; sourceTree = SDKROOT; };
		6EAC1FFD1B0BE32C0048D15D /* ColorButton-Info.plist */ = {isa = PBXFileReference; lastKnownFileType = text.plist.xml; path = "ColorButton-Info.plist"; sourceTree = "<group>"; };
		6EAC1FFF1B0BE32C0048D15D /* en */ = {isa = PBXFileReference; lastKnownFileType = text.plist.strings; name = en; path = en.lproj/InfoPlist.strings; sourceTree = "<group>"; };
		6EAC20011B0BE32C0048D15D /* main.m */ = {isa = PBXFileReference; lastKnownFileType = sourcecode.c.objc; path = main.m; sourceTree = "<group>"; };
		6EAC20031B0BE32C0048D15D /* ColorButton-Prefix.pch */ = {isa = PBXFileReference; lastKnownFileType = sourcecode.c.h; path = "ColorButton-Prefix.pch"; sourceTree = "<group>"; };
		6EAC20041B0BE32C0048D15D /* CBAppDelegate.h */ = {isa = PBXFileReference; lastKnownFileType = sourcecode.c.h; path = CBAppDelegate.h; sourceTree = "<group>"; };
		6EAC20051B0BE32C0048D15D /* CBAppDelegate.m */ = {isa = PBXFileReference; lastKnownFileType = sourcecode.c.objc; path = CBAppDelegate.m; sourceTree = "<group>"; };
		6EAC200D1B0BE32C0048D15D /* CBViewController.h */ = {isa = PBXFileReference; lastKnownFileType = sourcecode.c.h; path = CBViewController.h; sourceTree = "<group>"; };
		6EAC200E1B0BE32C0048D15D /* CBViewController.m */ = {isa = PBXFileReference; lastKnownFileType = sourcecode.c.objc; path = CBViewController.m; sourceTree = "<group>"; };
		6EAC20101B0BE32C0048D15D /* Images.xcassets */ = {isa = PBXFileReference; lastKnownFileType = folder.assetcatalog; path = Images.xcassets; sourceTree = "<group>"; };
		6EAC20161B0BE32C0048D15D /* ColorButtonTests.xctest */ = {isa = PBXFileReference; explicitFileType = wrapper.cfbundle; includeInIndex = 0; path = ColorButtonTests.xctest; sourceTree = BUILT_PRODUCTS_DIR; };
		6EAC20171B0BE32C0048D15D /* XCTest.framework */ = {isa = PBXFileReference; lastKnownFileType = wrapper.framework; name = XCTest.framework; path = Library/Frameworks/XCTest.framework; sourceTree = DEVELOPER_DIR; };
		6EAC201F1B0BE32C0048D15D /* ColorButtonTests-Info.plist */ = {isa = PBXFileReference; lastKnownFileType = text.plist.xml; path = "ColorButtonTests-Info.plist"; sourceTree = "<group>"; };
		6EAC20211B0BE32C0048D15D /* en */ = {isa = PBXFileReference; lastKnownFileType = text.plist.strings; name = en; path = en.lproj/InfoPlist.strings; sourceTree = "<group>"; };
		6EAC20231B0BE32C0048D15D /* ColorButtonTests.m */ = {isa = PBXFileReference; lastKnownFileType = sourcecode.c.objc; path = ColorButtonTests.m; sourceTree = "<group>"; };
		6EAC202D1B0BE3840048D15D /* CBViewController.xib */ = {isa = PBXFileReference; fileEncoding = 4; lastKnownFileType = file.xib; path = CBViewController.xib; sourceTree = "<group>"; };
		6EAC202F1B0BFE220048D15D /* CBViewController_iPad.xib */ = {isa = PBXFileReference; fileEncoding = 4; lastKnownFileType = file.xib; path = CBViewController_iPad.xib; sourceTree = "<group>"; };
/* End PBXFileReference section */

/* Begin PBXFrameworksBuildPhase section */
		6EAC1FEF1B0BE32C0048D15D /* Frameworks */ = {
			isa = PBXFrameworksBuildPhase;
			buildActionMask = 2147483647;
			files = (
				6EAC1FF81B0BE32C0048D15D /* CoreGraphics.framework in Frameworks */,
				6EAC1FFA1B0BE32C0048D15D /* UIKit.framework in Frameworks */,
				6EAC1FF61B0BE32C0048D15D /* Foundation.framework in Frameworks */,
			);
			runOnlyForDeploymentPostprocessing = 0;
		};
		6EAC20131B0BE32C0048D15D /* Frameworks */ = {
			isa = PBXFrameworksBuildPhase;
			buildActionMask = 2147483647;
			files = (
				6EAC20181B0BE32C0048D15D /* XCTest.framework in Frameworks */,
				6EAC201A1B0BE32C0048D15D /* UIKit.framework in Frameworks */,
				6EAC20191B0BE32C0048D15D /* Foundation.framework in Frameworks */,
			);
			runOnlyForDeploymentPostprocessing = 0;
		};
/* End PBXFrameworksBuildPhase section */

/* Begin PBXGroup section */
		6EAC1FE91B0BE32C0048D15D = {
			isa = PBXGroup;
			children = (
				6EAC1FFB1B0BE32C0048D15D /* ColorButton */,
				6EAC201D1B0BE32C0048D15D /* ColorButtonTests */,
				6EAC1FF41B0BE32C0048D15D /* Frameworks */,
				6EAC1FF31B0BE32C0048D15D /* Products */,
			);
			sourceTree = "<group>";
		};
		6EAC1FF31B0BE32C0048D15D /* Products */ = {
			isa = PBXGroup;
			children = (
				6EAC1FF21B0BE32C0048D15D /* ColorButton.app */,
				6EAC20161B0BE32C0048D15D /* ColorButtonTests.xctest */,
			);
			name = Products;
			sourceTree = "<group>";
		};
		6EAC1FF41B0BE32C0048D15D /* Frameworks */ = {
			isa = PBXGroup;
			children = (
				6EAC1FF51B0BE32C0048D15D /* Foundation.framework */,
				6EAC1FF71B0BE32C0048D15D /* CoreGraphics.framework */,
				6EAC1FF91B0BE32C0048D15D /* UIKit.framework */,
				6EAC20171B0BE32C0048D15D /* XCTest.framework */,
			);
			name = Frameworks;
			sourceTree = "<group>";
		};
		6EAC1FFB1B0BE32C0048D15D /* ColorButton */ = {
			isa = PBXGroup;
			children = (
				6EAC20041B0BE32C0048D15D /* CBAppDelegate.h */,
				6EAC20051B0BE32C0048D15D /* CBAppDelegate.m */,
				6EAC200D1B0BE32C0048D15D /* CBViewController.h */,
				6EAC200E1B0BE32C0048D15D /* CBViewController.m */,
				6EAC202D1B0BE3840048D15D /* CBViewController.xib */,
				6EAC202F1B0BFE220048D15D /* CBViewController_iPad.xib */,
				6EAC20101B0BE32C0048D15D /* Images.xcassets */,
				6EAC1FFC1B0BE32C0048D15D /* Supporting Files */,
			);
			path = ColorButton;
			sourceTree = "<group>";
		};
		6EAC1FFC1B0BE32C0048D15D /* Supporting Files */ = {
			isa = PBXGroup;
			children = (
				6EAC1FFD1B0BE32C0048D15D /* ColorButton-Info.plist */,
				6EAC1FFE1B0BE32C0048D15D /* InfoPlist.strings */,
				6EAC20011B0BE32C0048D15D /* main.m */,
				6EAC20031B0BE32C0048D15D /* ColorButton-Prefix.pch */,
			);
			name = "Supporting Files";
			sourceTree = "<group>";
		};
		6EAC201D1B0BE32C0048D15D /* ColorButtonTests */ = {
			isa = PBXGroup;
			children = (
				6EAC20231B0BE32C0048D15D /* ColorButtonTests.m */,
				6EAC201E1B0BE32C0048D15D /* Supporting Files */,
			);
			path = ColorButtonTests;
			sourceTree = "<group>";
		};
		6EAC201E1B0BE32C0048D15D /* Supporting Files */ = {
			isa = PBXGroup;
			children = (
				6EAC201F1B0BE32C0048D15D /* ColorButtonTests-Info.plist */,
				6EAC20201B0BE32C0048D15D /* InfoPlist.strings */,
			);
			name = "Supporting Files";
			sourceTree = "<group>";
		};
/* End PBXGroup section */

/* Begin PBXNativeTarget section */
		6EAC1FF11B0BE32C0048D15D /* ColorButton */ = {
			isa = PBXNativeTarget;
			buildConfigurationList = 6EAC20271B0BE32C0048D15D /* Build configuration list for PBXNativeTarget "ColorButton" */;
			buildPhases = (
				6EAC1FEE1B0BE32C0048D15D /* Sources */,
				6EAC1FEF1B0BE32C0048D15D /* Frameworks */,
				6EAC1FF01B0BE32C0048D15D /* Resources */,
			);
			buildRules = (
			);
			dependencies = (
			);
			name = ColorButton;
			productName = ColorButton;
			productReference = 6EAC1FF21B0BE32C0048D15D /* ColorButton.app */;
			productType = "com.apple.product-type.application";
		};
		6EAC20151B0BE32C0048D15D /* ColorButtonTests */ = {
			isa = PBXNativeTarget;
			buildConfigurationList = 6EAC202A1B0BE32C0048D15D /* Build configuration list for PBXNativeTarget "ColorButtonTests" */;
			buildPhases = (
				6EAC20121B0BE32C0048D15D /* Sources */,
				6EAC20131B0BE32C0048D15D /* Frameworks */,
				6EAC20141B0BE32C0048D15D /* Resources */,
			);
			buildRules = (
			);
			dependencies = (
				6EAC201C1B0BE32C0048D15D /* PBXTargetDependency */,
			);
			name = ColorButtonTests;
			productName = ColorButtonTests;
			productReference = 6EAC20161B0BE32C0048D15D /* ColorButtonTests.xctest */;
			productType = "com.apple.product-type.bundle.unit-test";
		};
/* End PBXNativeTarget section */

/* Begin PBXProject section */
		6EAC1FEA1B0BE32C0048D15D /* Project object */ = {
			isa = PBXProject;
			attributes = {
				CLASSPREFIX = CB;
				LastUpgradeCheck = 0510;
				ORGANIZATIONNAME = FEPERSEMBE;
				TargetAttributes = {
					6EAC20151B0BE32C0048D15D = {
						TestTargetID = 6EAC1FF11B0BE32C0048D15D;
					};
				};
			};
			buildConfigurationList = 6EAC1FED1B0BE32C0048D15D /* Build configuration list for PBXProject "ColorButton" */;
			compatibilityVersion = "Xcode 3.2";
			developmentRegion = English;
			hasScannedForEncodings = 0;
			knownRegions = (
				en,
				Base,
			);
			mainGroup = 6EAC1FE91B0BE32C0048D15D;
			productRefGroup = 6EAC1FF31B0BE32C0048D15D /* Products */;
			projectDirPath = "";
			projectRoot = "";
			targets = (
				6EAC1FF11B0BE32C0048D15D /* ColorButton */,
				6EAC20151B0BE32C0048D15D /* ColorButtonTests */,
			);
		};
/* End PBXProject section */

/* Begin PBXResourcesBuildPhase section */
		6EAC1FF01B0BE32C0048D15D /* Resources */ = {
			isa = PBXResourcesBuildPhase;
			buildActionMask = 2147483647;
			files = (
				6EAC20111B0BE32C0048D15D /* Images.xcassets in Resources */,
				6EAC202E1B0BE3840048D15D /* CBViewController.xib in Resources */,
				6EAC20001B0BE32C0048D15D /* InfoPlist.strings in Resources */,
				6EAC20301B0BFE220048D15D /* CBViewController_iPad.xib in Resources */,
			);
			runOnlyForDeploymentPostprocessing = 0;
		};
		6EAC20141B0BE32C0048D15D /* Resources */ = {
			isa = PBXResourcesBuildPhase;
			buildActionMask = 2147483647;
			files = (
				6EAC20221B0BE32C0048D15D /* InfoPlist.strings in Resources */,
			);
			runOnlyForDeploymentPostprocessing = 0;
		};
/* End PBXResourcesBuildPhase section */

/* Begin PBXSourcesBuildPhase section */
		6EAC1FEE1B0BE32C0048D15D /* Sources */ = {
			isa = PBXSourcesBuildPhase;
			buildActionMask = 2147483647;
			files = (
				6EAC20021B0BE32C0048D15D /* main.m in Sources */,
				6EAC20061B0BE32C0048D15D /* CBAppDelegate.m in Sources */,
				6EAC200F1B0BE32C0048D15D /* CBViewController.m in Sources */,
			);
			runOnlyForDeploymentPostprocessing = 0;
		};
		6EAC20121B0BE32C0048D15D /* Sources */ = {
			isa = PBXSourcesBuildPhase;
			buildActionMask = 2147483647;
			files = (
				6EAC20241B0BE32C0048D15D /* ColorButtonTests.m in Sources */,
			);
			runOnlyForDeploymentPostprocessing = 0;
		};
/* End PBXSourcesBuildPhase section */

/* Begin PBXTargetDependency section */
		6EAC201C1B0BE32C0048D15D /* PBXTargetDependency */ = {
			isa = PBXTargetDependency;
			target = 6EAC1FF11B0BE32C0048D15D /* ColorButton */;
			targetProxy = 6EAC201B1B0BE32C0048D15D /* PBXContainerItemProxy */;
		};
/* End PBXTargetDependency section */

/* Begin PBXVariantGroup section */
		6EAC1FFE1B0BE32C0048D15D /* InfoPlist.strings */ = {
			isa = PBXVariantGroup;
			children = (
				6EAC1FFF1B0BE32C0048D15D /* en */,
			);
			name = InfoPlist.strings;
			sourceTree = "<group>";
		};
		6EAC20201B0BE32C0048D15D /* InfoPlist.strings */ = {
			isa = PBXVariantGroup;
			children = (
				6EAC20211B0BE32C0048D15D /* en */,
			);
			name = InfoPlist.strings;
			sourceTree = "<group>";
		};
/* End PBXVariantGroup section */

/* Begin XCBuildConfiguration section */
		6EAC20251B0BE32C0048D15D /* Debug */ = {
			isa = XCBuildConfiguration;
			buildSettings = {
				ALWAYS_SEARCH_USER_PATHS = NO;
				CLANG_CXX_LANGUAGE_STANDARD = "gnu++0x";
				CLANG_CXX_LIBRARY = "libc++";
				CLANG_ENABLE_MODULES = YES;
				CLANG_ENABLE_OBJC_ARC = YES;
				CLANG_WARN_BOOL_CONVERSION = YES;
				CLANG_WARN_CONSTANT_CONVERSION = YES;
				CLANG_WARN_DIRECT_OBJC_ISA_USAGE = YES_ERROR;
				CLANG_WARN_EMPTY_BODY = YES;
				CLANG_WARN_ENUM_CONVERSION = YES;
				CLANG_WARN_INT_CONVERSION = YES;
				CLANG_WARN_OBJC_ROOT_CLASS = YES_ERROR;
				CLANG_WARN__DUPLICATE_METHOD_MATCH = YES;
				"CODE_SIGN_IDENTITY[sdk=iphoneos*]" = "iPhone Developer";
				COPY_PHASE_STRIP = NO;
				GCC_C_LANGUAGE_STANDARD = gnu99;
				GCC_DYNAMIC_NO_PIC = NO;
				GCC_OPTIMIZATION_LEVEL = 0;
				GCC_PREPROCESSOR_DEFINITIONS = (
					"DEBUG=1",
					"$(inherited)",
				);
				GCC_SYMBOLS_PRIVATE_EXTERN = NO;
				GCC_WARN_64_TO_32_BIT_CONVERSION = YES;
				GCC_WARN_ABOUT_RETURN_TYPE = YES_ERROR;
				GCC_WARN_UNDECLARED_SELECTOR = YES;
				GCC_WARN_UNINITIALIZED_AUTOS = YES_AGGRESSIVE;
				GCC_WARN_UNUSED_FUNCTION = YES;
				GCC_WARN_UNUSED_VARIABLE = YES;
				IPHONEOS_DEPLOYMENT_TARGET = 7.1;
				ONLY_ACTIVE_ARCH = YES;
				SDKROOT = iphoneos;
				TARGETED_DEVICE_FAMILY = "1,2";
			};
			name = Debug;
		};
		6EAC20261B0BE32C0048D15D /* Release */ = {
			isa = XCBuildConfiguration;
			buildSettings = {
				ALWAYS_SEARCH_USER_PATHS = NO;
				CLANG_CXX_LANGUAGE_STANDARD = "gnu++0x";
				CLANG_CXX_LIBRARY = "libc++";
				CLANG_ENABLE_MODULES = YES;
				CLANG_ENABLE_OBJC_ARC = YES;
				CLANG_WARN_BOOL_CONVERSION = YES;
				CLANG_WARN_CONSTANT_CONVERSION = YES;
				CLANG_WARN_DIRECT_OBJC_ISA_USAGE = YES_ERROR;
				CLANG_WARN_EMPTY_BODY = YES;
				CLANG_WARN_ENUM_CONVERSION = YES;
				CLANG_WARN_INT_CONVERSION = YES;
				CLANG_WARN_OBJC_ROOT_CLASS = YES_ERROR;
				CLANG_WARN__DUPLICATE_METHOD_MATCH = YES;
				"CODE_SIGN_IDENTITY[sdk=iphoneos*]" = "iPhone Developer";
				COPY_PHASE_STRIP = YES;
				ENABLE_NS_ASSERTIONS = NO;
				GCC_C_LANGUAGE_STANDARD = gnu99;
				GCC_WARN_64_TO_32_BIT_CONVERSION = YES;
				GCC_WARN_ABOUT_RETURN_TYPE = YES_ERROR;
				GCC_WARN_UNDECLARED_SELECTOR = YES;
				GCC_WARN_UNINITIALIZED_AUTOS = YES_AGGRESSIVE;
				GCC_WARN_UNUSED_FUNCTION = YES;
				GCC_WARN_UNUSED_VARIABLE = YES;
				IPHONEOS_DEPLOYMENT_TARGET = 7.1;
				SDKROOT = iphoneos;
				TARGETED_DEVICE_FAMILY = "1,2";
				VALIDATE_PRODUCT = YES;
			};
			name = Release;
		};
		6EAC20281B0BE32C0048D15D /* Debug */ = {
			isa = XCBuildConfiguration;
			buildSettings = {
				ASSETCATALOG_COMPILER_APPICON_NAME = AppIcon;
				ASSETCATALOG_COMPILER_LAUNCHIMAGE_NAME = LaunchImage;
				GCC_PRECOMPILE_PREFIX_HEADER = YES;
				GCC_PREFIX_HEADER = "ColorButton/ColorButton-Prefix.pch";
				INFOPLIST_FILE = "ColorButton/ColorButton-Info.plist";
				IPHONEOS_DEPLOYMENT_TARGET = 7.1;
				PRODUCT_NAME = "$(TARGET_NAME)";
				TARGETED_DEVICE_FAMILY = "1,2";
				WRAPPER_EXTENSION = app;
			};
			name = Debug;
		};
		6EAC20291B0BE32C0048D15D /* Release */ = {
			isa = XCBuildConfiguration;
			buildSettings = {
				ASSETCATALOG_COMPILER_APPICON_NAME = AppIcon;
				ASSETCATALOG_COMPILER_LAUNCHIMAGE_NAME = LaunchImage;
				GCC_PRECOMPILE_PREFIX_HEADER = YES;
				GCC_PREFIX_HEADER = "ColorButton/ColorButton-Prefix.pch";
				INFOPLIST_FILE = "ColorButton/ColorButton-Info.plist";
				IPHONEOS_DEPLOYMENT_TARGET = 7.1;
				PRODUCT_NAME = "$(TARGET_NAME)";
				TARGETED_DEVICE_FAMILY = "1,2";
				WRAPPER_EXTENSION = app;
			};
			name = Release;
		};
		6EAC202B1B0BE32C0048D15D /* Debug */ = {
			isa = XCBuildConfiguration;
			buildSettings = {
				BUNDLE_LOADER = "$(BUILT_PRODUCTS_DIR)/ColorButton.app/ColorButton";
				FRAMEWORK_SEARCH_PATHS = (
					"$(SDKROOT)/Developer/Library/Frameworks",
					"$(inherited)",
					"$(DEVELOPER_FRAMEWORKS_DIR)",
				);
				GCC_PRECOMPILE_PREFIX_HEADER = YES;
				GCC_PREFIX_HEADER = "ColorButton/ColorButton-Prefix.pch";
				GCC_PREPROCESSOR_DEFINITIONS = (
					"DEBUG=1",
					"$(inherited)",
				);
				INFOPLIST_FILE = "ColorButtonTests/ColorButtonTests-Info.plist";
				PRODUCT_NAME = "$(TARGET_NAME)";
				TEST_HOST = "$(BUNDLE_LOADER)";
				WRAPPER_EXTENSION = xctest;
			};
			name = Debug;
		};
		6EAC202C1B0BE32C0048D15D /* Release */ = {
			isa = XCBuildConfiguration;
			buildSettings = {
				BUNDLE_LOADER = "$(BUILT_PRODUCTS_DIR)/ColorButton.app/ColorButton";
				FRAMEWORK_SEARCH_PATHS = (
					"$(SDKROOT)/Developer/Library/Frameworks",
					"$(inherited)",
					"$(DEVELOPER_FRAMEWORKS_DIR)",
				);
				GCC_PRECOMPILE_PREFIX_HEADER = YES;
				GCC_PREFIX_HEADER = "ColorButton/ColorButton-Prefix.pch";
				INFOPLIST_FILE = "ColorButtonTests/ColorButtonTests-Info.plist";
				PRODUCT_NAME = "$(TARGET_NAME)";
				TEST_HOST = "$(BUNDLE_LOADER)";
				WRAPPER_EXTENSION = xctest;
			};
			name = Release;
		};
/* End XCBuildConfiguration section */

/* Begin XCConfigurationList section */
		6EAC1FED1B0BE32C0048D15D /* Build configuration list for PBXProject "ColorButton" */ = {
			isa = XCConfigurationList;
			buildConfigurations = (
				6EAC20251B0BE32C0048D15D /* Debug */,
				6EAC20261B0BE32C0048D15D /* Release */,
			);
			defaultConfigurationIsVisible = 0;
			defaultConfigurationName = Release;
		};
		6EAC20271B0BE32C0048D15D /* Build configuration list for PBXNativeTarget "ColorButton" */ = {
			isa = XCConfigurationList;
			buildConfigurations = (
				6EAC20281B0BE32C0048D15D /* Debug */,
				6EAC20291B0BE32C0048D15D /* Release */,
			);
			defaultConfigurationIsVisible = 0;
		};
		6EAC202A1B0BE32C0048D15D /* Build configuration list for PBXNativeTarget "ColorButtonTests" */ = {
			isa = XCConfigurationList;
			buildConfigurations = (
				6EAC202B1B0BE32C0048D15D /* Debug */,
				6EAC202C1B0BE32C0048D15D /* Release */,
			);
			defaultConfigurationIsVisible = 0;
		};
/* End XCConfigurationList section */
	};
	rootObject = 6EAC1FEA1B0BE32C0048D15D /* Project object */;
}
